// !$*UTF8*$!
{
	archiveVersion = 1;
	classes = {
	};
	objectVersion = 77;
	objects = {

/* Begin PBXBuildFile section */
		C25F039562F5B1BCE24F8FE4 /* SupertonicResources in Resources */ = {isa = PBXBuildFile; fileRef = 62C426FEB230E12E87E6CCE6 /* SupertonicResources */; };
/* End PBXBuildFile section */

/* Begin PBXContainerItemProxy section */
		1266BC112F1B0DDD00C72E5E /* PBXContainerItemProxy */ = {
			isa = PBXContainerItemProxy;
			containerPortal = 1266BBF92F1B0DDC00C72E5E /* Project object */;
			proxyType = 1;
			remoteGlobalIDString = 1266BC002F1B0DDC00C72E5E;
			remoteInfo = "supertonic2-coreml-ios-test";
		};
		1266BC1B2F1B0DDD00C72E5E /* PBXContainerItemProxy */ = {
			isa = PBXContainerItemProxy;
			containerPortal = 1266BBF92F1B0DDC00C72E5E /* Project object */;
			proxyType = 1;
			remoteGlobalIDString = 1266BC002F1B0DDC00C72E5E;
			remoteInfo = "supertonic2-coreml-ios-test";
		};
/* End PBXContainerItemProxy section */

/* Begin PBXFileReference section */
		1266BC012F1B0DDC00C72E5E /* supertonic2-coreml-ios-test.app */ = {isa = PBXFileReference; explicitFileType = wrapper.application; includeInIndex = 0; path = "supertonic2-coreml-ios-test.app"; sourceTree = BUILT_PRODUCTS_DIR; };
		1266BC102F1B0DDD00C72E5E /* supertonic2-coreml-ios-testTests.xctest */ = {isa = PBXFileReference; explicitFileType = wrapper.cfbundle; includeInIndex = 0; path = "supertonic2-coreml-ios-testTests.xctest"; sourceTree = BUILT_PRODUCTS_DIR; };
		1266BC1A2F1B0DDD00C72E5E /* supertonic2-coreml-ios-testUITests.xctest */ = {isa = PBXFileReference; explicitFileType = wrapper.cfbundle; includeInIndex = 0; path = "supertonic2-coreml-ios-testUITests.xctest"; sourceTree = BUILT_PRODUCTS_DIR; };
		62C42700B230E12E87E6CCF0 /* duration_predictor_mlprogram.mlpackage */ = {isa = PBXFileReference; lastKnownFileType = wrapper.mlpackage; path = CoreMLModels/coreml_int8/duration_predictor_mlprogram.mlpackage; sourceTree = "<group>"; };
		62C42701B230E12E87E6CCF1 /* text_encoder_mlprogram.mlpackage */ = {isa = PBXFileReference; lastKnownFileType = wrapper.mlpackage; path = CoreMLModels/coreml_int8/text_encoder_mlprogram.mlpackage; sourceTree = "<group>"; };
		62C42702B230E12E87E6CCF2 /* vector_estimator_mlprogram.mlpackage */ = {isa = PBXFileReference; lastKnownFileType = wrapper.mlpackage; path = CoreMLModels/coreml_int8/vector_estimator_mlprogram.mlpackage; sourceTree = "<group>"; };
		62C42703B230E12E87E6CCF3 /* vocoder_mlprogram.mlpackage */ = {isa = PBXFileReference; lastKnownFileType = wrapper.mlpackage; path = CoreMLModels/coreml_int8/vocoder_mlprogram.mlpackage; sourceTree = "<group>"; };
		62C426FEB230E12E87E6CCE6 /* SupertonicResources */ = {isa = PBXFileReference; lastKnownFileType = folder; path = SupertonicResources; sourceTree = "<group>"; };
/* End PBXFileReference section */

/* Begin PBXFileSystemSynchronizedRootGroup section */
		1266BC032F1B0DDC00C72E5E /* supertonic2-coreml-ios-test */ = {
			isa = PBXFileSystemSynchronizedRootGroup;
			path = "supertonic2-coreml-ios-test";
			sourceTree = "<group>";
		};
		1266BC132F1B0DDD00C72E5E /* supertonic2-coreml-ios-testTests */ = {
			isa = PBXFileSystemSynchronizedRootGroup;
			path = "supertonic2-coreml-ios-testTests";
			sourceTree = "<group>";
		};
		1266BC1D2F1B0DDD00C72E5E /* supertonic2-coreml-ios-testUITests */ = {
			isa = PBXFileSystemSynchronizedRootGroup;
			path = "supertonic2-coreml-ios-testUITests";
			sourceTree = "<group>";
		};
/* End PBXFileSystemSynchronizedRootGroup section */

/* Begin PBXFrameworksBuildPhase section */
		1266BBFE2F1B0DDC00C72E5E /* Frameworks */ = {
			isa = PBXFrameworksBuildPhase;
			buildActionMask = 2147483647;
			files = (
			);
			runOnlyForDeploymentPostprocessing = 0;
		};
		1266BC0D2F1B0DDD00C72E5E /* Frameworks */ = {
			isa = PBXFrameworksBuildPhase;
			buildActionMask = 2147483647;
			files = (
			);
			runOnlyForDeploymentPostprocessing = 0;
		};
		1266BC172F1B0DDD00C72E5E /* Frameworks */ = {
			isa = PBXFrameworksBuildPhase;
			buildActionMask = 2147483647;
			files = (
			);
			runOnlyForDeploymentPostprocessing = 0;
		};
/* End PBXFrameworksBuildPhase section */

/* Begin PBXGroup section */
		1266BBF82F1B0DDC00C72E5E = {
			isa = PBXGroup;
			children = (
				62C42700B230E12E87E6CCF0 /* duration_predictor_mlprogram.mlpackage */,
				62C42701B230E12E87E6CCF1 /* text_encoder_mlprogram.mlpackage */,
				62C42702B230E12E87E6CCF2 /* vector_estimator_mlprogram.mlpackage */,
				62C42703B230E12E87E6CCF3 /* vocoder_mlprogram.mlpackage */,
				62C426FEB230E12E87E6CCE6 /* SupertonicResources */,
				1266BC032F1B0DDC00C72E5E /* supertonic2-coreml-ios-test */,
				1266BC132F1B0DDD00C72E5E /* supertonic2-coreml-ios-testTests */,
				1266BC1D2F1B0DDD00C72E5E /* supertonic2-coreml-ios-testUITests */,
				1266BC022F1B0DDC00C72E5E /* Products */,
			);
			sourceTree = "<group>";
		};
		1266BC022F1B0DDC00C72E5E /* Products */ = {
			isa = PBXGroup;
			children = (
				1266BC012F1B0DDC00C72E5E /* supertonic2-coreml-ios-test.app */,
				1266BC102F1B0DDD00C72E5E /* supertonic2-coreml-ios-testTests.xctest */,
				1266BC1A2F1B0DDD00C72E5E /* supertonic2-coreml-ios-testUITests.xctest */,
			);
			name = Products;
			sourceTree = "<group>";
		};
/* End PBXGroup section */

/* Begin PBXNativeTarget section */
		1266BC002F1B0DDC00C72E5E /* supertonic2-coreml-ios-test */ = {
			isa = PBXNativeTarget;
			buildConfigurationList = 1266BC242F1B0DDD00C72E5E /* Build configuration list for PBXNativeTarget "supertonic2-coreml-ios-test" */;
			buildPhases = (
				1266BBFD2F1B0DDC00C72E5E /* Sources */,
				1266BBFE2F1B0DDC00C72E5E /* Frameworks */,
				7F0B45C32C8F4C1EBEF3A1A1 /* Compile CoreML Models */,
				1266BBFF2F1B0DDC00C72E5E /* Resources */,
			);
			buildRules = (
			);
			dependencies = (
			);
			fileSystemSynchronizedGroups = (
				1266BC032F1B0DDC00C72E5E /* supertonic2-coreml-ios-test */,
			);
			name = "supertonic2-coreml-ios-test";
			packageProductDependencies = (
			);
			productName = "supertonic2-coreml-ios-test";
			productReference = 1266BC012F1B0DDC00C72E5E /* supertonic2-coreml-ios-test.app */;
			productType = "com.apple.product-type.application";
		};
		1266BC0F2F1B0DDD00C72E5E /* supertonic2-coreml-ios-testTests */ = {
			isa = PBXNativeTarget;
			buildConfigurationList = 1266BC272F1B0DDD00C72E5E /* Build configuration list for PBXNativeTarget "supertonic2-coreml-ios-testTests" */;
			buildPhases = (
				1266BC0C2F1B0DDD00C72E5E /* Sources */,
				1266BC0D2F1B0DDD00C72E5E /* Frameworks */,
				1266BC0E2F1B0DDD00C72E5E /* Resources */,
			);
			buildRules = (
			);
			dependencies = (
				1266BC122F1B0DDD00C72E5E /* PBXTargetDependency */,
			);
			fileSystemSynchronizedGroups = (
				1266BC132F1B0DDD00C72E5E /* supertonic2-coreml-ios-testTests */,
			);
			name = "supertonic2-coreml-ios-testTests";
			packageProductDependencies = (
			);
			productName = "supertonic2-coreml-ios-testTests";
			productReference = 1266BC102F1B0DDD00C72E5E /* supertonic2-coreml-ios-testTests.xctest */;
			productType = "com.apple.product-type.bundle.unit-test";
		};
		1266BC192F1B0DDD00C72E5E /* supertonic2-coreml-ios-testUITests */ = {
			isa = PBXNativeTarget;
			buildConfigurationList = 1266BC2A2F1B0DDD00C72E5E /* Build configuration list for PBXNativeTarget "supertonic2-coreml-ios-testUITests" */;
			buildPhases = (
				1266BC162F1B0DDD00C72E5E /* Sources */,
				1266BC172F1B0DDD00C72E5E /* Frameworks */,
				1266BC182F1B0DDD00C72E5E /* Resources */,
			);
			buildRules = (
			);
			dependencies = (
				1266BC1C2F1B0DDD00C72E5E /* PBXTargetDependency */,
			);
			fileSystemSynchronizedGroups = (
				1266BC1D2F1B0DDD00C72E5E /* supertonic2-coreml-ios-testUITests */,
			);
			name = "supertonic2-coreml-ios-testUITests";
			packageProductDependencies = (
			);
			productName = "supertonic2-coreml-ios-testUITests";
			productReference = 1266BC1A2F1B0DDD00C72E5E /* supertonic2-coreml-ios-testUITests.xctest */;
			productType = "com.apple.product-type.bundle.ui-testing";
		};
/* End PBXNativeTarget section */

/* Begin PBXProject section */
		1266BBF92F1B0DDC00C72E5E /* Project object */ = {
			isa = PBXProject;
			attributes = {
				BuildIndependentTargetsInParallel = 1;
				LastSwiftUpdateCheck = 2620;
				LastUpgradeCheck = 2620;
				TargetAttributes = {
					1266BC002F1B0DDC00C72E5E = {
						CreatedOnToolsVersion = 26.2;
					};
					1266BC0F2F1B0DDD00C72E5E = {
						CreatedOnToolsVersion = 26.2;
						TestTargetID = 1266BC002F1B0DDC00C72E5E;
					};
					1266BC192F1B0DDD00C72E5E = {
						CreatedOnToolsVersion = 26.2;
						TestTargetID = 1266BC002F1B0DDC00C72E5E;
					};
				};
			};
			buildConfigurationList = 1266BBFC2F1B0DDC00C72E5E /* Build configuration list for PBXProject "supertonic2-coreml-ios-test" */;
			developmentRegion = en;
			hasScannedForEncodings = 0;
			knownRegions = (
				en,
				Base,
			);
			mainGroup = 1266BBF82F1B0DDC00C72E5E;
			minimizedProjectReferenceProxies = 1;
			preferredProjectObjectVersion = 77;
			productRefGroup = 1266BC022F1B0DDC00C72E5E /* Products */;
			projectDirPath = "";
			projectRoot = "";
			targets = (
				1266BC002F1B0DDC00C72E5E /* supertonic2-coreml-ios-test */,
				1266BC0F2F1B0DDD00C72E5E /* supertonic2-coreml-ios-testTests */,
				1266BC192F1B0DDD00C72E5E /* supertonic2-coreml-ios-testUITests */,
			);
		};
/* End PBXProject section */

	/* Begin PBXResourcesBuildPhase section */
		1266BBFF2F1B0DDC00C72E5E /* Resources */ = {
			isa = PBXResourcesBuildPhase;
			buildActionMask = 2147483647;
			files = (
				C25F039562F5B1BCE24F8FE4 /* SupertonicResources in Resources */,
			);
			runOnlyForDeploymentPostprocessing = 0;
		};
		1266BC0E2F1B0DDD00C72E5E /* Resources */ = {
			isa = PBXResourcesBuildPhase;
			buildActionMask = 2147483647;
			files = (
			);
			runOnlyForDeploymentPostprocessing = 0;
		};
		1266BC182F1B0DDD00C72E5E /* Resources */ = {
			isa = PBXResourcesBuildPhase;
			buildActionMask = 2147483647;
			files = (
			);
			runOnlyForDeploymentPostprocessing = 0;
		};
	/* End PBXResourcesBuildPhase section */

/* Begin PBXShellScriptBuildPhase section */
		7F0B45C32C8F4C1EBEF3A1A1 /* Compile CoreML Models */ = {
			isa = PBXShellScriptBuildPhase;
			buildActionMask = 2147483647;
			files = (
			);
			inputFileListPaths = (
				"$(SRCROOT)/CoreMLModels/coreml_int8/coreml_inputs.xcfilelist",
			);
			name = "Compile CoreML Models";
			outputPaths = (
				"$(DERIVED_FILE_DIR)/CoreMLCompile.stamp",
				"$(TARGET_BUILD_DIR)/$(UNLOCALIZED_RESOURCES_FOLDER_PATH)/CoreMLModels/coreml_int8/duration_predictor_mlprogram.mlmodelc",
				"$(TARGET_BUILD_DIR)/$(UNLOCALIZED_RESOURCES_FOLDER_PATH)/CoreMLModels/coreml_int8/text_encoder_mlprogram.mlmodelc",
				"$(TARGET_BUILD_DIR)/$(UNLOCALIZED_RESOURCES_FOLDER_PATH)/CoreMLModels/coreml_int8/vector_estimator_mlprogram.mlmodelc",
				"$(TARGET_BUILD_DIR)/$(UNLOCALIZED_RESOURCES_FOLDER_PATH)/CoreMLModels/coreml_int8/vocoder_mlprogram.mlmodelc",
			);
			runOnlyForDeploymentPostprocessing = 0;
			shellPath = /bin/sh;
			shellScript = "set -e\nMODEL_SRC_DIR=\"${SRCROOT}/CoreMLModels/coreml_int8\"\nMODEL_DST_DIR=\"${TARGET_BUILD_DIR}/${UNLOCALIZED_RESOURCES_FOLDER_PATH}/CoreMLModels/coreml_int8\"\nSTAMP_FILE=\"${DERIVED_FILE_DIR}/CoreMLCompile.stamp\"\nBUNDLE_DIR=\"${TARGET_BUILD_DIR}/${UNLOCALIZED_RESOURCES_FOLDER_PATH}\"\n\nif [ ! -d \"$MODEL_SRC_DIR\" ]; then\n  echo \"warning: CoreML model source dir not found: $MODEL_SRC_DIR\"\n  exit 0\nfi\n\nmkdir -p \"$MODEL_DST_DIR\"\nmkdir -p \"$(dirname \"$STAMP_FILE\")\"\n\nfor model in \"$MODEL_SRC_DIR\"/*.mlpackage \"$MODEL_SRC_DIR\"/*.mlmodel; do\n  [ -e \"$model\" ] || continue\n  name=$(basename \"$model\")\n  name=\"${name%.*}\"\n  dest=\"$MODEL_DST_DIR/${name}.mlmodelc\"\n  if [ -d \"$dest\" ] && [ \"$dest\" -nt \"$model\" ]; then\n    echo \"CoreML model up to date: $name\"\n    continue\n  fi\n  echo \"Compiling CoreML model: $model\"\n  xcrun coremlcompiler compile \"$model\" \"$MODEL_DST_DIR\"\ndone\n\nmissing=0\nfor name in duration_predictor_mlprogram text_encoder_mlprogram vector_estimator_mlprogram vocoder_mlprogram; do\n  dest=\"$MODEL_DST_DIR/${name}.mlmodelc\"\n  if [ ! -d \"$dest\" ]; then\n    echo \"error: Compiled model missing: $dest\"\n    missing=1\n    continue\n  fi\n  if ! find \"$dest\" -type f -print -quit | grep -q .; then\n    echo \"error: Compiled model empty: $dest\"\n    missing=1\n  fi\ndone\n\nif [ \"$missing\" -ne 0 ]; then\n  exit 1\nfi\n\nif find \"$BUNDLE_DIR\" -name \"*.mlpackage\" -print -quit | grep -q .; then\n  echo \"warning: .mlpackage found in app bundle. Remove CoreML packages from Resources build phase.\"\nfi\n\ncompiler_version=$(xcrun coremlcompiler --version 2>/dev/null || echo \"unknown\")\nprintf \"compiled_at=%s\\ncoremlcompiler=%s\\n\" \"$(date -u +\\\"%Y-%m-%dT%H:%M:%SZ\\\")\" \"$compiler_version\" > \"$STAMP_FILE\"\n";
			showEnvVarsInLog = 0;
		};
/* End PBXShellScriptBuildPhase section */

/* Begin PBXSourcesBuildPhase section */
		1266BBFD2F1B0DDC00C72E5E /* Sources */ = {
			isa = PBXSourcesBuildPhase;
			buildActionMask = 2147483647;
			files = (
			);
			runOnlyForDeploymentPostprocessing = 0;
		};
		1266BC0C2F1B0DDD00C72E5E /* Sources */ = {
			isa = PBXSourcesBuildPhase;
			buildActionMask = 2147483647;
			files = (
			);
			runOnlyForDeploymentPostprocessing = 0;
		};
		1266BC162F1B0DDD00C72E5E /* Sources */ = {
			isa = PBXSourcesBuildPhase;
			buildActionMask = 2147483647;
			files = (
			);
			runOnlyForDeploymentPostprocessing = 0;
		};
/* End PBXSourcesBuildPhase section */

/* Begin PBXTargetDependency section */
		1266BC122F1B0DDD00C72E5E /* PBXTargetDependency */ = {
			isa = PBXTargetDependency;
			target = 1266BC002F1B0DDC00C72E5E /* supertonic2-coreml-ios-test */;
			targetProxy = 1266BC112F1B0DDD00C72E5E /* PBXContainerItemProxy */;
		};
		1266BC1C2F1B0DDD00C72E5E /* PBXTargetDependency */ = {
			isa = PBXTargetDependency;
			target = 1266BC002F1B0DDC00C72E5E /* supertonic2-coreml-ios-test */;
			targetProxy = 1266BC1B2F1B0DDD00C72E5E /* PBXContainerItemProxy */;
		};
/* End PBXTargetDependency section */

/* Begin XCBuildConfiguration section */
		1266BC222F1B0DDD00C72E5E /* Debug */ = {
			isa = XCBuildConfiguration;
			buildSettings = {
				ALWAYS_SEARCH_USER_PATHS = NO;
				ASSETCATALOG_COMPILER_GENERATE_SWIFT_ASSET_SYMBOL_EXTENSIONS = YES;
				CLANG_ANALYZER_NONNULL = YES;
				CLANG_ANALYZER_NUMBER_OBJECT_CONVERSION = YES_AGGRESSIVE;
				CLANG_CXX_LANGUAGE_STANDARD = "gnu++20";
				CLANG_ENABLE_MODULES = YES;
				CLANG_ENABLE_OBJC_ARC = YES;
				CLANG_ENABLE_OBJC_WEAK = YES;
				CLANG_WARN_BLOCK_CAPTURE_AUTORELEASING = YES;
				CLANG_WARN_BOOL_CONVERSION = YES;
				CLANG_WARN_COMMA = YES;
				CLANG_WARN_CONSTANT_CONVERSION = YES;
				CLANG_WARN_DEPRECATED_OBJC_IMPLEMENTATIONS = YES;
				CLANG_WARN_DIRECT_OBJC_ISA_USAGE = YES_ERROR;
				CLANG_WARN_DOCUMENTATION_COMMENTS = YES;
				CLANG_WARN_EMPTY_BODY = YES;
				CLANG_WARN_ENUM_CONVERSION = YES;
				CLANG_WARN_INFINITE_RECURSION = YES;
				CLANG_WARN_INT_CONVERSION = YES;
				CLANG_WARN_NON_LITERAL_NULL_CONVERSION = YES;
				CLANG_WARN_OBJC_IMPLICIT_RETAIN_SELF = YES;
				CLANG_WARN_OBJC_LITERAL_CONVERSION = YES;
				CLANG_WARN_OBJC_ROOT_CLASS = YES_ERROR;
				CLANG_WARN_QUOTED_INCLUDE_IN_FRAMEWORK_HEADER = YES;
				CLANG_WARN_RANGE_LOOP_ANALYSIS = YES;
				CLANG_WARN_STRICT_PROTOTYPES = YES;
				CLANG_WARN_SUSPICIOUS_MOVE = YES;
				CLANG_WARN_UNGUARDED_AVAILABILITY = YES_AGGRESSIVE;
				CLANG_WARN_UNREACHABLE_CODE = YES;
				CLANG_WARN__DUPLICATE_METHOD_MATCH = YES;
				COPY_PHASE_STRIP = NO;
				DEBUG_INFORMATION_FORMAT = dwarf;
				DEVELOPMENT_TEAM = RX9236497X;
				ENABLE_STRICT_OBJC_MSGSEND = YES;
				ENABLE_TESTABILITY = YES;
				ENABLE_USER_SCRIPT_SANDBOXING = YES;
				GCC_C_LANGUAGE_STANDARD = gnu17;
				GCC_DYNAMIC_NO_PIC = NO;
				GCC_NO_COMMON_BLOCKS = YES;
				GCC_OPTIMIZATION_LEVEL = 0;
				GCC_PREPROCESSOR_DEFINITIONS = (
					"DEBUG=1",
					"$(inherited)",
				);
				GCC_WARN_64_TO_32_BIT_CONVERSION = YES;
				GCC_WARN_ABOUT_RETURN_TYPE = YES_ERROR;
				GCC_WARN_UNDECLARED_SELECTOR = YES;
				GCC_WARN_UNINITIALIZED_AUTOS = YES_AGGRESSIVE;
				GCC_WARN_UNUSED_FUNCTION = YES;
				GCC_WARN_UNUSED_VARIABLE = YES;
				IPHONEOS_DEPLOYMENT_TARGET = 16.0;
				LOCALIZATION_PREFERS_STRING_CATALOGS = YES;
				MTL_ENABLE_DEBUG_INFO = INCLUDE_SOURCE;
				MTL_FAST_MATH = YES;
				ONLY_ACTIVE_ARCH = YES;
				SDKROOT = iphoneos;
				SWIFT_ACTIVE_COMPILATION_CONDITIONS = "DEBUG $(inherited)";
				SWIFT_OPTIMIZATION_LEVEL = "-Onone";
			};
			name = Debug;
		};
		1266BC232F1B0DDD00C72E5E /* Release */ = {
			isa = XCBuildConfiguration;
			buildSettings = {
				ALWAYS_SEARCH_USER_PATHS = NO;
				ASSETCATALOG_COMPILER_GENERATE_SWIFT_ASSET_SYMBOL_EXTENSIONS = YES;
				CLANG_ANALYZER_NONNULL = YES;
				CLANG_ANALYZER_NUMBER_OBJECT_CONVERSION = YES_AGGRESSIVE;
				CLANG_CXX_LANGUAGE_STANDARD = "gnu++20";
				CLANG_ENABLE_MODULES = YES;
				CLANG_ENABLE_OBJC_ARC = YES;
				CLANG_ENABLE_OBJC_WEAK = YES;
				CLANG_WARN_BLOCK_CAPTURE_AUTORELEASING = YES;
				CLANG_WARN_BOOL_CONVERSION = YES;
				CLANG_WARN_COMMA = YES;
				CLANG_WARN_CONSTANT_CONVERSION = YES;
				CLANG_WARN_DEPRECATED_OBJC_IMPLEMENTATIONS = YES;
				CLANG_WARN_DIRECT_OBJC_ISA_USAGE = YES_ERROR;
				CLANG_WARN_DOCUMENTATION_COMMENTS = YES;
				CLANG_WARN_EMPTY_BODY = YES;
				CLANG_WARN_ENUM_CONVERSION = YES;
				CLANG_WARN_INFINITE_RECURSION = YES;
				CLANG_WARN_INT_CONVERSION = YES;
				CLANG_WARN_NON_LITERAL_NULL_CONVERSION = YES;
				CLANG_WARN_OBJC_IMPLICIT_RETAIN_SELF = YES;
				CLANG_WARN_OBJC_LITERAL_CONVERSION = YES;
				CLANG_WARN_OBJC_ROOT_CLASS = YES_ERROR;
				CLANG_WARN_QUOTED_INCLUDE_IN_FRAMEWORK_HEADER = YES;
				CLANG_WARN_RANGE_LOOP_ANALYSIS = YES;
				CLANG_WARN_STRICT_PROTOTYPES = YES;
				CLANG_WARN_SUSPICIOUS_MOVE = YES;
				CLANG_WARN_UNGUARDED_AVAILABILITY = YES_AGGRESSIVE;
				CLANG_WARN_UNREACHABLE_CODE = YES;
				CLANG_WARN__DUPLICATE_METHOD_MATCH = YES;
				COPY_PHASE_STRIP = NO;
				DEBUG_INFORMATION_FORMAT = "dwarf-with-dsym";
				DEVELOPMENT_TEAM = RX9236497X;
				ENABLE_NS_ASSERTIONS = NO;
				ENABLE_STRICT_OBJC_MSGSEND = YES;
				ENABLE_USER_SCRIPT_SANDBOXING = YES;
				GCC_C_LANGUAGE_STANDARD = gnu17;
				GCC_NO_COMMON_BLOCKS = YES;
				GCC_WARN_64_TO_32_BIT_CONVERSION = YES;
				GCC_WARN_ABOUT_RETURN_TYPE = YES_ERROR;
				GCC_WARN_UNDECLARED_SELECTOR = YES;
				GCC_WARN_UNINITIALIZED_AUTOS = YES_AGGRESSIVE;
				GCC_WARN_UNUSED_FUNCTION = YES;
				GCC_WARN_UNUSED_VARIABLE = YES;
				IPHONEOS_DEPLOYMENT_TARGET = 16.0;
				LOCALIZATION_PREFERS_STRING_CATALOGS = YES;
				MTL_ENABLE_DEBUG_INFO = NO;
				MTL_FAST_MATH = YES;
				SDKROOT = iphoneos;
				SWIFT_COMPILATION_MODE = wholemodule;
				VALIDATE_PRODUCT = YES;
			};
			name = Release;
		};
		1266BC252F1B0DDD00C72E5E /* Debug */ = {
			isa = XCBuildConfiguration;
			buildSettings = {
				ASSETCATALOG_COMPILER_APPICON_NAME = AppIcon;
				ASSETCATALOG_COMPILER_GLOBAL_ACCENT_COLOR_NAME = AccentColor;
				"CODE_SIGNING_ALLOWED[sdk=iphonesimulator*]" = NO;
				"CODE_SIGNING_REQUIRED[sdk=iphonesimulator*]" = NO;
				CODE_SIGN_IDENTITY = "Apple Development";
				CODE_SIGN_STYLE = Automatic;
				CURRENT_PROJECT_VERSION = 1;
					DEVELOPMENT_TEAM = RX9236497X;
					ENABLE_USER_SCRIPT_SANDBOXING = NO;
					ENABLE_PREVIEWS = YES;
				GENERATE_INFOPLIST_FILE = YES;
				INFOPLIST_KEY_UIApplicationSceneManifest_Generation = YES;
				INFOPLIST_KEY_UIApplicationSupportsIndirectInputEvents = YES;
				INFOPLIST_KEY_UIBackgroundModes = "audio";
				INFOPLIST_KEY_UILaunchScreen_Generation = YES;
				INFOPLIST_KEY_UISupportedInterfaceOrientations_iPad = "UIInterfaceOrientationPortrait UIInterfaceOrientationPortraitUpsideDown UIInterfaceOrientationLandscapeLeft UIInterfaceOrientationLandscapeRight";
				INFOPLIST_KEY_UISupportedInterfaceOrientations_iPhone = "UIInterfaceOrientationPortrait UIInterfaceOrientationLandscapeLeft UIInterfaceOrientationLandscapeRight";
				LD_RUNPATH_SEARCH_PATHS = (
					"$(inherited)",
					"@executable_path/Frameworks",
				);
				MARKETING_VERSION = 1.0;
				PRODUCT_BUNDLE_IDENTIFIER = "com.nbeyzaei.supertonic2-coreml-ios-test";
				PRODUCT_NAME = "$(TARGET_NAME)";
				PROVISIONING_PROFILE_SPECIFIER = "";
				STRING_CATALOG_GENERATE_SYMBOLS = YES;
				SWIFT_APPROACHABLE_CONCURRENCY = YES;
				SWIFT_DEFAULT_ACTOR_ISOLATION = Nonisolated;
				SWIFT_EMIT_LOC_STRINGS = YES;
				SWIFT_UPCOMING_FEATURE_MEMBER_IMPORT_VISIBILITY = YES;
				SWIFT_VERSION = 5.0;
				TARGETED_DEVICE_FAMILY = "1,2";
				CODE_SIGN_ENTITLEMENTS = "supertonic2-coreml-ios-test/supertonic2_coreml_ios_test.entitlements";
			};
			name = Debug;
		};
		1266BC262F1B0DDD00C72E5E /* Release */ = {
			isa = XCBuildConfiguration;
			buildSettings = {
				ASSETCATALOG_COMPILER_APPICON_NAME = AppIcon;
				ASSETCATALOG_COMPILER_GLOBAL_ACCENT_COLOR_NAME = AccentColor;
				"CODE_SIGNING_ALLOWED[sdk=iphonesimulator*]" = NO;
				"CODE_SIGNING_REQUIRED[sdk=iphonesimulator*]" = NO;
				CODE_SIGN_IDENTITY = "Apple Development";
				CODE_SIGN_STYLE = Automatic;
				CURRENT_PROJECT_VERSION = 1;
					DEVELOPMENT_TEAM = RX9236497X;
					ENABLE_USER_SCRIPT_SANDBOXING = NO;
					ENABLE_PREVIEWS = YES;
				GENERATE_INFOPLIST_FILE = YES;
				INFOPLIST_KEY_UIApplicationSceneManifest_Generation = YES;
				INFOPLIST_KEY_UIApplicationSupportsIndirectInputEvents = YES;
				INFOPLIST_KEY_UIBackgroundModes = "audio";
				INFOPLIST_KEY_UILaunchScreen_Generation = YES;
				INFOPLIST_KEY_UISupportedInterfaceOrientations_iPad = "UIInterfaceOrientationPortrait UIInterfaceOrientationPortraitUpsideDown UIInterfaceOrientationLandscapeLeft UIInterfaceOrientationLandscapeRight";
				INFOPLIST_KEY_UISupportedInterfaceOrientations_iPhone = "UIInterfaceOrientationPortrait UIInterfaceOrientationLandscapeLeft UIInterfaceOrientationLandscapeRight";
				LD_RUNPATH_SEARCH_PATHS = (
					"$(inherited)",
					"@executable_path/Frameworks",
				);
				MARKETING_VERSION = 1.0;
				PRODUCT_BUNDLE_IDENTIFIER = "com.nbeyzaei.supertonic2-coreml-ios-test";
				PRODUCT_NAME = "$(TARGET_NAME)";
				PROVISIONING_PROFILE_SPECIFIER = "";
				STRING_CATALOG_GENERATE_SYMBOLS = YES;
				SWIFT_APPROACHABLE_CONCURRENCY = YES;
				SWIFT_DEFAULT_ACTOR_ISOLATION = Nonisolated;
				SWIFT_EMIT_LOC_STRINGS = YES;
				SWIFT_UPCOMING_FEATURE_MEMBER_IMPORT_VISIBILITY = YES;
				SWIFT_VERSION = 5.0;
				TARGETED_DEVICE_FAMILY = "1,2";
				CODE_SIGN_ENTITLEMENTS = "supertonic2-coreml-ios-test/supertonic2_coreml_ios_test.entitlements";
			};
			name = Release;
		};
		1266BC282F1B0DDD00C72E5E /* Debug */ = {
			isa = XCBuildConfiguration;
			buildSettings = {
				BUNDLE_LOADER = "$(TEST_HOST)";
				CODE_SIGN_STYLE = Automatic;
				CURRENT_PROJECT_VERSION = 1;
				DEVELOPMENT_TEAM = RX9236497X;
				GENERATE_INFOPLIST_FILE = YES;
				IPHONEOS_DEPLOYMENT_TARGET = 16.0;
				MARKETING_VERSION = 1.0;
				PRODUCT_BUNDLE_IDENTIFIER = "com.nbeyzaei.supertonic2-coreml-ios-testTests";
				PRODUCT_NAME = "$(TARGET_NAME)";
				STRING_CATALOG_GENERATE_SYMBOLS = NO;
				SWIFT_APPROACHABLE_CONCURRENCY = YES;
				SWIFT_EMIT_LOC_STRINGS = NO;
				SWIFT_UPCOMING_FEATURE_MEMBER_IMPORT_VISIBILITY = YES;
				SWIFT_VERSION = 5.0;
				TARGETED_DEVICE_FAMILY = "1,2";
				TEST_HOST = "$(BUILT_PRODUCTS_DIR)/supertonic2-coreml-ios-test.app/$(BUNDLE_EXECUTABLE_FOLDER_PATH)/supertonic2-coreml-ios-test";
			};
			name = Debug;
		};
		1266BC292F1B0DDD00C72E5E /* Release */ = {
			isa = XCBuildConfiguration;
			buildSettings = {
				BUNDLE_LOADER = "$(TEST_HOST)";
				CODE_SIGN_STYLE = Automatic;
				CURRENT_PROJECT_VERSION = 1;
				DEVELOPMENT_TEAM = RX9236497X;
				GENERATE_INFOPLIST_FILE = YES;
				IPHONEOS_DEPLOYMENT_TARGET = 16.0;
				MARKETING_VERSION = 1.0;
				PRODUCT_BUNDLE_IDENTIFIER = "com.nbeyzaei.supertonic2-coreml-ios-testTests";
				PRODUCT_NAME = "$(TARGET_NAME)";
				STRING_CATALOG_GENERATE_SYMBOLS = NO;
				SWIFT_APPROACHABLE_CONCURRENCY = YES;
				SWIFT_EMIT_LOC_STRINGS = NO;
				SWIFT_UPCOMING_FEATURE_MEMBER_IMPORT_VISIBILITY = YES;
				SWIFT_VERSION = 5.0;
				TARGETED_DEVICE_FAMILY = "1,2";
				TEST_HOST = "$(BUILT_PRODUCTS_DIR)/supertonic2-coreml-ios-test.app/$(BUNDLE_EXECUTABLE_FOLDER_PATH)/supertonic2-coreml-ios-test";
			};
			name = Release;
		};
		1266BC2B2F1B0DDD00C72E5E /* Debug */ = {
			isa = XCBuildConfiguration;
			buildSettings = {
				CODE_SIGN_STYLE = Automatic;
				CURRENT_PROJECT_VERSION = 1;
				DEVELOPMENT_TEAM = RX9236497X;
				GENERATE_INFOPLIST_FILE = YES;
				MARKETING_VERSION = 1.0;
				PRODUCT_BUNDLE_IDENTIFIER = "com.nbeyzaei.supertonic2-coreml-ios-testUITests";
				PRODUCT_NAME = "$(TARGET_NAME)";
				STRING_CATALOG_GENERATE_SYMBOLS = NO;
				SWIFT_APPROACHABLE_CONCURRENCY = YES;
				SWIFT_EMIT_LOC_STRINGS = NO;
				SWIFT_UPCOMING_FEATURE_MEMBER_IMPORT_VISIBILITY = YES;
				SWIFT_VERSION = 5.0;
				TARGETED_DEVICE_FAMILY = "1,2";
				TEST_TARGET_NAME = "supertonic2-coreml-ios-test";
			};
			name = Debug;
		};
		1266BC2C2F1B0DDD00C72E5E /* Release */ = {
			isa = XCBuildConfiguration;
			buildSettings = {
				CODE_SIGN_STYLE = Automatic;
				CURRENT_PROJECT_VERSION = 1;
				DEVELOPMENT_TEAM = RX9236497X;
				GENERATE_INFOPLIST_FILE = YES;
				MARKETING_VERSION = 1.0;
				PRODUCT_BUNDLE_IDENTIFIER = "com.nbeyzaei.supertonic2-coreml-ios-testUITests";
				PRODUCT_NAME = "$(TARGET_NAME)";
				STRING_CATALOG_GENERATE_SYMBOLS = NO;
				SWIFT_APPROACHABLE_CONCURRENCY = YES;
				SWIFT_EMIT_LOC_STRINGS = NO;
				SWIFT_UPCOMING_FEATURE_MEMBER_IMPORT_VISIBILITY = YES;
				SWIFT_VERSION = 5.0;
				TARGETED_DEVICE_FAMILY = "1,2";
				TEST_TARGET_NAME = "supertonic2-coreml-ios-test";
			};
			name = Release;
		};
/* End XCBuildConfiguration section */

/* Begin XCConfigurationList section */
		1266BBFC2F1B0DDC00C72E5E /* Build configuration list for PBXProject "supertonic2-coreml-ios-test" */ = {
			isa = XCConfigurationList;
			buildConfigurations = (
				1266BC222F1B0DDD00C72E5E /* Debug */,
				1266BC232F1B0DDD00C72E5E /* Release */,
			);
			defaultConfigurationIsVisible = 0;
			defaultConfigurationName = Release;
		};
		1266BC242F1B0DDD00C72E5E /* Build configuration list for PBXNativeTarget "supertonic2-coreml-ios-test" */ = {
			isa = XCConfigurationList;
			buildConfigurations = (
				1266BC252F1B0DDD00C72E5E /* Debug */,
				1266BC262F1B0DDD00C72E5E /* Release */,
			);
			defaultConfigurationIsVisible = 0;
			defaultConfigurationName = Release;
		};
		1266BC272F1B0DDD00C72E5E /* Build configuration list for PBXNativeTarget "supertonic2-coreml-ios-testTests" */ = {
			isa = XCConfigurationList;
			buildConfigurations = (
				1266BC282F1B0DDD00C72E5E /* Debug */,
				1266BC292F1B0DDD00C72E5E /* Release */,
			);
			defaultConfigurationIsVisible = 0;
			defaultConfigurationName = Release;
		};
		1266BC2A2F1B0DDD00C72E5E /* Build configuration list for PBXNativeTarget "supertonic2-coreml-ios-testUITests" */ = {
			isa = XCConfigurationList;
			buildConfigurations = (
				1266BC2B2F1B0DDD00C72E5E /* Debug */,
				1266BC2C2F1B0DDD00C72E5E /* Release */,
			);
			defaultConfigurationIsVisible = 0;
			defaultConfigurationName = Release;
		};
/* End XCConfigurationList section */
	};
	rootObject = 1266BBF92F1B0DDC00C72E5E /* Project object */;
}
